
Microsoft Visual Studio Solution File, Format Version 12.00
# Visual Studio Version 16
VisualStudioVersion = 16.0.30523.141
MinimumVisualStudioVersion = 10.0.40219.1
Project("{8BC9CEB8-8B4A-11D0-8D11-00A0C91BC942}") = "lab7.2_rec", "lab7.2_rec\lab7.2_rec.vcxproj", "{FC6B4A26-4C6E-45F8-8936-B845A866F860}"
EndProject
Project("{8BC9CEB8-8B4A-11D0-8D11-00A0C91BC942}") = "UnitTest7.2_rec", "UnitTest7.2_rec\UnitTest7.2_rec.vcxproj", "{CAD49AB8-0918-4524-948D-13CD8B93C24D}"
EndProject
Global
	GlobalSection(SolutionConfigurationPlatforms) = preSolution
		Debug|x64 = Debug|x64
		Debug|x86 = Debug|x86
		Release|x64 = Release|x64
		Release|x86 = Release|x86
	EndGlobalSection
	GlobalSection(ProjectConfigurationPlatforms) = postSolution
		{FC6B4A26-4C6E-45F8-8936-B845A866F860}.Debug|x64.ActiveCfg = Debug|x64
		{FC6B4A26-4C6E-45F8-8936-B845A866F860}.Debug|x64.Build.0 = Debug|x64
		{FC6B4A26-4C6E-45F8-8936-B845A866F860}.Debug|x86.ActiveCfg = Debug|Win32
		{FC6B4A26-4C6E-45F8-8936-B845A866F860}.Debug|x86.Build.0 = Debug|Win32
		{FC6B4A26-4C6E-45F8-8936-B845A866F860}.Release|x64.ActiveCfg = Release|x64
		{FC6B4A26-4C6E-45F8-8936-B845A866F860}.Release|x64.Build.0 = Release|x64
		{FC6B4A26-4C6E-45F8-8936-B845A866F860}.Release|x86.ActiveCfg = Release|Win32
		{FC6B4A26-4C6E-45F8-8936-B845A866F860}.Release|x86.Build.0 = Release|Win32
		{CAD49AB8-0918-4524-948D-13CD8B93C24D}.Debug|x64.ActiveCfg = Debug|x64
		{CAD49AB8-0918-4524-948D-13CD8B93C24D}.Debug|x64.Build.0 = Debug|x64
		{CAD49AB8-0918-4524-948D-13CD8B93C24D}.Debug|x86.ActiveCfg = Debug|Win32
		{CAD49AB8-0918-4524-948D-13CD8B93C24D}.Debug|x86.Build.0 = Debug|Win32
		{CAD49AB8-0918-4524-948D-13CD8B93C24D}.Release|x64.ActiveCfg = Release|x64
		{CAD49AB8-0918-4524-948D-13CD8B93C24D}.Release|x64.Build.0 = Release|x64
		{CAD49AB8-0918-4524-948D-13CD8B93C24D}.Release|x86.ActiveCfg = Release|Win32
		{CAD49AB8-0918-4524-948D-13CD8B93C24D}.Release|x86.Build.0 = Release|Win32
	EndGlobalSection
	GlobalSection(SolutionProperties) = preSolution
		HideSolutionNode = FALSE
	EndGlobalSection
	GlobalSection(ExtensibilityGlobals) = postSolution
		SolutionGuid = {AA657DCC-C464-4B44-A8FF-E4A7AC4D7184}
	EndGlobalSection
EndGlobal
